
Microsoft Visual Studio Solution File, Format Version 12.00
# Visual Studio Version 16
VisualStudioVersion = 16.0.29503.13
MinimumVisualStudioVersion = 10.0.40219.1
Project("{FAE04EC0-301F-11D3-BF4B-00C04F79EFBC}") = "Soft152 Assignment", "Soft152 Assignment\Soft152 Assignment.csproj", "{79611277-20CC-4CBC-89AD-D7961A508D95}"
EndProject
Global
	GlobalSection(SolutionConfigurationPlatforms) = preSolution
		Debug|Any CPU = Debug|Any CPU
		Release|Any CPU = Release|Any CPU
	EndGlobalSection
	GlobalSection(ProjectConfigurationPlatforms) = postSolution
		{79611277-20CC-4CBC-89AD-D7961A508D95}.Debug|Any CPU.ActiveCfg = Debug|Any CPU
		{79611277-20CC-4CBC-89AD-D7961A508D95}.Debug|Any CPU.Build.0 = Debug|Any CPU
		{79611277-20CC-4CBC-89AD-D7961A508D95}.Release|Any CPU.ActiveCfg = Release|Any CPU
		{79611277-20CC-4CBC-89AD-D7961A508D95}.Release|Any CPU.Build.0 = Release|Any CPU
	EndGlobalSection
	GlobalSection(SolutionProperties) = preSolution
		HideSolutionNode = FALSE
	EndGlobalSection
	GlobalSection(ExtensibilityGlobals) = postSolution
		SolutionGuid = {92A13334-7B51-4AF0-8F4E-14AF0854554E}
	EndGlobalSection
EndGlobal
